{
  "requires": true,
  "lockfileVersion": 1,
  "dependencies": {
    "vue3-highcharts": {
      "version": "0.1.3",
      "resolved": "https://registry.npmjs.org/vue3-highcharts/-/vue3-highcharts-0.1.3.tgz",
      "integrity": "sha512-cxfU5bZiMRT+uAsZD7iVuPmJuZnsgkIrwzmH11NOCS/TbYq+lJ9FJDxUFqY1ZF2p6JyzzDzHJARSghUVV4YJlg=="
    }
  }
}
